
Microsoft Visual Studio Solution File, Format Version 12.00
# Visual Studio Version 17
VisualStudioVersion = 17.5.002.0
MinimumVisualStudioVersion = 10.0.40219.1
Project("{2150E333-8FDC-42A3-9474-1A3956D46DE8}") = "csharp-prep", "csharp-prep", "{D0C92B6B-5DC5-4648-B2F5-D9D645AE181F}"
EndProject
Project("{9A19103F-16F7-4668-BE54-9A1E7A4F7556}") = "Prep1", "csharp-prep\Prep1\Prep1.csproj", "{21CE0EFA-CCDE-4D17-B231-9C29E84E8F65}"
EndProject
Project("{9A19103F-16F7-4668-BE54-9A1E7A4F7556}") = "Prep2", "csharp-prep\Prep2\Prep2.csproj", "{5BEFD87F-E372-4A31-8430-1626C9ED6207}"
EndProject
Project("{9A19103F-16F7-4668-BE54-9A1E7A4F7556}") = "Prep3", "csharp-prep\Prep3\Prep3.csproj", "{593F0745-3079-49FB-95B6-FE97D42E95B5}"
EndProject
Project("{9A19103F-16F7-4668-BE54-9A1E7A4F7556}") = "Prep4", "csharp-prep\Prep4\Prep4.csproj", "{2D517676-1A2F-42DA-8F53-2C9C7BDC9C3F}"
EndProject
Project("{9A19103F-16F7-4668-BE54-9A1E7A4F7556}") = "Prep5", "csharp-prep\Prep5\Prep5.csproj", "{FF03DA0E-6439-4C4B-AFDF-399F7026D214}"
EndProject
Project("{2150E333-8FDC-42A3-9474-1A3956D46DE8}") = "final", "final", "{0CDC4CA3-EDE7-482A-8A13-546CE3FB4943}"
EndProject
Project("{9A19103F-16F7-4668-BE54-9A1E7A4F7556}") = "FinalProject", "final\FinalProject\FinalProject.csproj", "{15032065-B7FE-41AD-AFF9-5D1FD0F2B5FF}"
EndProject
Project("{9A19103F-16F7-4668-BE54-9A1E7A4F7556}") = "Foundation1", "final\Foundation1\Foundation1.csproj", "{DAF45A13-2003-4F53-88A8-AD0EC1F9EB1C}"
EndProject
Project("{9A19103F-16F7-4668-BE54-9A1E7A4F7556}") = "Foundation2", "final\Foundation2\Foundation2.csproj", "{21436B0E-C68D-4E32-BDF7-DFAC814CA9F6}"
EndProject
Project("{9A19103F-16F7-4668-BE54-9A1E7A4F7556}") = "Foundation3", "final\Foundation3\Foundation3.csproj", "{23EA431D-5207-4B72-A6CC-BB71C4D798E2}"
EndProject
Project("{9A19103F-16F7-4668-BE54-9A1E7A4F7556}") = "Foundation4", "final\Foundation4\Foundation4.csproj", "{A7D0F841-B474-4481-952A-D12F962C3259}"
EndProject
Project("{2150E333-8FDC-42A3-9474-1A3956D46DE8}") = "prepare", "prepare", "{FBDA0FA5-329C-4B53-B434-E92F73B29469}"
EndProject
Project("{9A19103F-16F7-4668-BE54-9A1E7A4F7556}") = "Learning02", "prepare\Learning02\Learning02.csproj", "{38213A79-A6B9-4879-97AE-D0B79CF5DBDC}"
EndProject
Project("{9A19103F-16F7-4668-BE54-9A1E7A4F7556}") = "Learning03", "prepare\Learning03\Learning03.csproj", "{94DF3EE6-12CA-40BC-8077-48D3A3ED4F28}"
EndProject
Project("{9A19103F-16F7-4668-BE54-9A1E7A4F7556}") = "Learning04", "prepare\Learning04\Learning04.csproj", "{A9F2E003-C636-4CBE-9566-0D9D4E5329CD}"
EndProject
Project("{9A19103F-16F7-4668-BE54-9A1E7A4F7556}") = "Learning05", "prepare\Learning05\Learning05.csproj", "{AC56CFE8-8E3A-4459-8AB3-83A6F0939A76}"
EndProject
Project("{2150E333-8FDC-42A3-9474-1A3956D46DE8}") = "prove", "prove", "{47CD2CC1-0AEB-42B7-8D2C-F15492EE9D33}"
EndProject
Project("{9A19103F-16F7-4668-BE54-9A1E7A4F7556}") = "Develop02", "prove\Develop02\Develop02.csproj", "{296F1B87-5603-40AE-9B17-DA9875613E6D}"
EndProject
Project("{9A19103F-16F7-4668-BE54-9A1E7A4F7556}") = "Develop03", "prove\Develop03\Develop03.csproj", "{55763811-4A7B-42CC-93FB-58173358C546}"
EndProject
Project("{9A19103F-16F7-4668-BE54-9A1E7A4F7556}") = "Develop04", "prove\Develop04\Develop04.csproj", "{31B01CAE-BA0B-4E61-A12F-F18D1B8381C0}"
EndProject
Project("{9A19103F-16F7-4668-BE54-9A1E7A4F7556}") = "Develop05", "prove\Develop05\Develop05.csproj", "{C3706DE1-74C9-40F8-9036-3F2B2E293BF2}"
EndProject
Project("{2150E333-8FDC-42A3-9474-1A3956D46DE8}") = "sandbox", "sandbox", "{9A126BCB-F722-439F-A71F-F4B53C6D18E8}"
EndProject
Project("{9A19103F-16F7-4668-BE54-9A1E7A4F7556}") = "Sandbox", "sandbox\Sandbox\Sandbox.csproj", "{98C0ED8D-15B9-4B38-B3E4-AF5BAE7AC257}"
EndProject
Global
	GlobalSection(SolutionConfigurationPlatforms) = preSolution
		Debug|Any CPU = Debug|Any CPU
		Release|Any CPU = Release|Any CPU
	EndGlobalSection
	GlobalSection(ProjectConfigurationPlatforms) = postSolution
		{21CE0EFA-CCDE-4D17-B231-9C29E84E8F65}.Debug|Any CPU.ActiveCfg = Debug|Any CPU
		{21CE0EFA-CCDE-4D17-B231-9C29E84E8F65}.Debug|Any CPU.Build.0 = Debug|Any CPU
		{21CE0EFA-CCDE-4D17-B231-9C29E84E8F65}.Release|Any CPU.ActiveCfg = Release|Any CPU
		{21CE0EFA-CCDE-4D17-B231-9C29E84E8F65}.Release|Any CPU.Build.0 = Release|Any CPU
		{5BEFD87F-E372-4A31-8430-1626C9ED6207}.Debug|Any CPU.ActiveCfg = Debug|Any CPU
		{5BEFD87F-E372-4A31-8430-1626C9ED6207}.Debug|Any CPU.Build.0 = Debug|Any CPU
		{5BEFD87F-E372-4A31-8430-1626C9ED6207}.Release|Any CPU.ActiveCfg = Release|Any CPU
		{5BEFD87F-E372-4A31-8430-1626C9ED6207}.Release|Any CPU.Build.0 = Release|Any CPU
		{593F0745-3079-49FB-95B6-FE97D42E95B5}.Debug|Any CPU.ActiveCfg = Debug|Any CPU
		{593F0745-3079-49FB-95B6-FE97D42E95B5}.Debug|Any CPU.Build.0 = Debug|Any CPU
		{593F0745-3079-49FB-95B6-FE97D42E95B5}.Release|Any CPU.ActiveCfg = Release|Any CPU
		{593F0745-3079-49FB-95B6-FE97D42E95B5}.Release|Any CPU.Build.0 = Release|Any CPU
		{2D517676-1A2F-42DA-8F53-2C9C7BDC9C3F}.Debug|Any CPU.ActiveCfg = Debug|Any CPU
		{2D517676-1A2F-42DA-8F53-2C9C7BDC9C3F}.Debug|Any CPU.Build.0 = Debug|Any CPU
		{2D517676-1A2F-42DA-8F53-2C9C7BDC9C3F}.Release|Any CPU.ActiveCfg = Release|Any CPU
		{2D517676-1A2F-42DA-8F53-2C9C7BDC9C3F}.Release|Any CPU.Build.0 = Release|Any CPU
		{FF03DA0E-6439-4C4B-AFDF-399F7026D214}.Debug|Any CPU.ActiveCfg = Debug|Any CPU
		{FF03DA0E-6439-4C4B-AFDF-399F7026D214}.Debug|Any CPU.Build.0 = Debug|Any CPU
		{FF03DA0E-6439-4C4B-AFDF-399F7026D214}.Release|Any CPU.ActiveCfg = Release|Any CPU
		{FF03DA0E-6439-4C4B-AFDF-399F7026D214}.Release|Any CPU.Build.0 = Release|Any CPU
		{15032065-B7FE-41AD-AFF9-5D1FD0F2B5FF}.Debug|Any CPU.ActiveCfg = Debug|Any CPU
		{15032065-B7FE-41AD-AFF9-5D1FD0F2B5FF}.Debug|Any CPU.Build.0 = Debug|Any CPU
		{15032065-B7FE-41AD-AFF9-5D1FD0F2B5FF}.Release|Any CPU.ActiveCfg = Release|Any CPU
		{15032065-B7FE-41AD-AFF9-5D1FD0F2B5FF}.Release|Any CPU.Build.0 = Release|Any CPU
		{DAF45A13-2003-4F53-88A8-AD0EC1F9EB1C}.Debug|Any CPU.ActiveCfg = Debug|Any CPU
		{DAF45A13-2003-4F53-88A8-AD0EC1F9EB1C}.Debug|Any CPU.Build.0 = Debug|Any CPU
		{DAF45A13-2003-4F53-88A8-AD0EC1F9EB1C}.Release|Any CPU.ActiveCfg = Release|Any CPU
		{DAF45A13-2003-4F53-88A8-AD0EC1F9EB1C}.Release|Any CPU.Build.0 = Release|Any CPU
		{21436B0E-C68D-4E32-BDF7-DFAC814CA9F6}.Debug|Any CPU.ActiveCfg = Debug|Any CPU
		{21436B0E-C68D-4E32-BDF7-DFAC814CA9F6}.Debug|Any CPU.Build.0 = Debug|Any CPU
		{21436B0E-C68D-4E32-BDF7-DFAC814CA9F6}.Release|Any CPU.ActiveCfg = Release|Any CPU
		{21436B0E-C68D-4E32-BDF7-DFAC814CA9F6}.Release|Any CPU.Build.0 = Release|Any CPU
		{23EA431D-5207-4B72-A6CC-BB71C4D798E2}.Debug|Any CPU.ActiveCfg = Debug|Any CPU
		{23EA431D-5207-4B72-A6CC-BB71C4D798E2}.Debug|Any CPU.Build.0 = Debug|Any CPU
		{23EA431D-5207-4B72-A6CC-BB71C4D798E2}.Release|Any CPU.ActiveCfg = Release|Any CPU
		{23EA431D-5207-4B72-A6CC-BB71C4D798E2}.Release|Any CPU.Build.0 = Release|Any CPU
		{A7D0F841-B474-4481-952A-D12F962C3259}.Debug|Any CPU.ActiveCfg = Debug|Any CPU
		{A7D0F841-B474-4481-952A-D12F962C3259}.Debug|Any CPU.Build.0 = Debug|Any CPU
		{A7D0F841-B474-4481-952A-D12F962C3259}.Release|Any CPU.ActiveCfg = Release|Any CPU
		{A7D0F841-B474-4481-952A-D12F962C3259}.Release|Any CPU.Build.0 = Release|Any CPU
		{38213A79-A6B9-4879-97AE-D0B79CF5DBDC}.Debug|Any CPU.ActiveCfg = Debug|Any CPU
		{38213A79-A6B9-4879-97AE-D0B79CF5DBDC}.Debug|Any CPU.Build.0 = Debug|Any CPU
		{38213A79-A6B9-4879-97AE-D0B79CF5DBDC}.Release|Any CPU.ActiveCfg = Release|Any CPU
		{38213A79-A6B9-4879-97AE-D0B79CF5DBDC}.Release|Any CPU.Build.0 = Release|Any CPU
		{94DF3EE6-12CA-40BC-8077-48D3A3ED4F28}.Debug|Any CPU.ActiveCfg = Debug|Any CPU
		{94DF3EE6-12CA-40BC-8077-48D3A3ED4F28}.Debug|Any CPU.Build.0 = Debug|Any CPU
		{94DF3EE6-12CA-40BC-8077-48D3A3ED4F28}.Release|Any CPU.ActiveCfg = Release|Any CPU
		{94DF3EE6-12CA-40BC-8077-48D3A3ED4F28}.Release|Any CPU.Build.0 = Release|Any CPU
		{A9F2E003-C636-4CBE-9566-0D9D4E5329CD}.Debug|Any CPU.ActiveCfg = Debug|Any CPU
		{A9F2E003-C636-4CBE-9566-0D9D4E5329CD}.Debug|Any CPU.Build.0 = Debug|Any CPU
		{A9F2E003-C636-4CBE-9566-0D9D4E5329CD}.Release|Any CPU.ActiveCfg = Release|Any CPU
		{A9F2E003-C636-4CBE-9566-0D9D4E5329CD}.Release|Any CPU.Build.0 = Release|Any CPU
		{AC56CFE8-8E3A-4459-8AB3-83A6F0939A76}.Debug|Any CPU.ActiveCfg = Debug|Any CPU
		{AC56CFE8-8E3A-4459-8AB3-83A6F0939A76}.Debug|Any CPU.Build.0 = Debug|Any CPU
		{AC56CFE8-8E3A-4459-8AB3-83A6F0939A76}.Release|Any CPU.ActiveCfg = Release|Any CPU
		{AC56CFE8-8E3A-4459-8AB3-83A6F0939A76}.Release|Any CPU.Build.0 = Release|Any CPU
		{296F1B87-5603-40AE-9B17-DA9875613E6D}.Debug|Any CPU.ActiveCfg = Debug|Any CPU
		{296F1B87-5603-40AE-9B17-DA9875613E6D}.Debug|Any CPU.Build.0 = Debug|Any CPU
		{296F1B87-5603-40AE-9B17-DA9875613E6D}.Release|Any CPU.ActiveCfg = Release|Any CPU
		{296F1B87-5603-40AE-9B17-DA9875613E6D}.Release|Any CPU.Build.0 = Release|Any CPU
		{55763811-4A7B-42CC-93FB-58173358C546}.Debug|Any CPU.ActiveCfg = Debug|Any CPU
		{55763811-4A7B-42CC-93FB-58173358C546}.Debug|Any CPU.Build.0 = Debug|Any CPU
		{55763811-4A7B-42CC-93FB-58173358C546}.Release|Any CPU.ActiveCfg = Release|Any CPU
		{55763811-4A7B-42CC-93FB-58173358C546}.Release|Any CPU.Build.0 = Release|Any CPU
		{31B01CAE-BA0B-4E61-A12F-F18D1B8381C0}.Debug|Any CPU.ActiveCfg = Debug|Any CPU
		{31B01CAE-BA0B-4E61-A12F-F18D1B8381C0}.Debug|Any CPU.Build.0 = Debug|Any CPU
		{31B01CAE-BA0B-4E61-A12F-F18D1B8381C0}.Release|Any CPU.ActiveCfg = Release|Any CPU
		{31B01CAE-BA0B-4E61-A12F-F18D1B8381C0}.Release|Any CPU.Build.0 = Release|Any CPU
		{C3706DE1-74C9-40F8-9036-3F2B2E293BF2}.Debug|Any CPU.ActiveCfg = Debug|Any CPU
		{C3706DE1-74C9-40F8-9036-3F2B2E293BF2}.Debug|Any CPU.Build.0 = Debug|Any CPU
		{C3706DE1-74C9-40F8-9036-3F2B2E293BF2}.Release|Any CPU.ActiveCfg = Release|Any CPU
		{C3706DE1-74C9-40F8-9036-3F2B2E293BF2}.Release|Any CPU.Build.0 = Release|Any CPU
		{98C0ED8D-15B9-4B38-B3E4-AF5BAE7AC257}.Debug|Any CPU.ActiveCfg = Debug|Any CPU
		{98C0ED8D-15B9-4B38-B3E4-AF5BAE7AC257}.Debug|Any CPU.Build.0 = Debug|Any CPU
		{98C0ED8D-15B9-4B38-B3E4-AF5BAE7AC257}.Release|Any CPU.ActiveCfg = Release|Any CPU
		{98C0ED8D-15B9-4B38-B3E4-AF5BAE7AC257}.Release|Any CPU.Build.0 = Release|Any CPU
	EndGlobalSection
	GlobalSection(SolutionProperties) = preSolution
		HideSolutionNode = FALSE
	EndGlobalSection
	GlobalSection(NestedProjects) = preSolution
		{21CE0EFA-CCDE-4D17-B231-9C29E84E8F65} = {D0C92B6B-5DC5-4648-B2F5-D9D645AE181F}
		{5BEFD87F-E372-4A31-8430-1626C9ED6207} = {D0C92B6B-5DC5-4648-B2F5-D9D645AE181F}
		{593F0745-3079-49FB-95B6-FE97D42E95B5} = {D0C92B6B-5DC5-4648-B2F5-D9D645AE181F}
		{2D517676-1A2F-42DA-8F53-2C9C7BDC9C3F} = {D0C92B6B-5DC5-4648-B2F5-D9D645AE181F}
		{FF03DA0E-6439-4C4B-AFDF-399F7026D214} = {D0C92B6B-5DC5-4648-B2F5-D9D645AE181F}
		{15032065-B7FE-41AD-AFF9-5D1FD0F2B5FF} = {0CDC4CA3-EDE7-482A-8A13-546CE3FB4943}
		{DAF45A13-2003-4F53-88A8-AD0EC1F9EB1C} = {0CDC4CA3-EDE7-482A-8A13-546CE3FB4943}
		{21436B0E-C68D-4E32-BDF7-DFAC814CA9F6} = {0CDC4CA3-EDE7-482A-8A13-546CE3FB4943}
		{23EA431D-5207-4B72-A6CC-BB71C4D798E2} = {0CDC4CA3-EDE7-482A-8A13-546CE3FB4943}
		{A7D0F841-B474-4481-952A-D12F962C3259} = {0CDC4CA3-EDE7-482A-8A13-546CE3FB4943}
		{38213A79-A6B9-4879-97AE-D0B79CF5DBDC} = {FBDA0FA5-329C-4B53-B434-E92F73B29469}
		{94DF3EE6-12CA-40BC-8077-48D3A3ED4F28} = {FBDA0FA5-329C-4B53-B434-E92F73B29469}
		{A9F2E003-C636-4CBE-9566-0D9D4E5329CD} = {FBDA0FA5-329C-4B53-B434-E92F73B29469}
		{AC56CFE8-8E3A-4459-8AB3-83A6F0939A76} = {FBDA0FA5-329C-4B53-B434-E92F73B29469}
		{296F1B87-5603-40AE-9B17-DA9875613E6D} = {47CD2CC1-0AEB-42B7-8D2C-F15492EE9D33}
		{55763811-4A7B-42CC-93FB-58173358C546} = {47CD2CC1-0AEB-42B7-8D2C-F15492EE9D33}
		{31B01CAE-BA0B-4E61-A12F-F18D1B8381C0} = {47CD2CC1-0AEB-42B7-8D2C-F15492EE9D33}
		{C3706DE1-74C9-40F8-9036-3F2B2E293BF2} = {47CD2CC1-0AEB-42B7-8D2C-F15492EE9D33}
		{98C0ED8D-15B9-4B38-B3E4-AF5BAE7AC257} = {9A126BCB-F722-439F-A71F-F4B53C6D18E8}
	EndGlobalSection
	GlobalSection(ExtensibilityGlobals) = postSolution
		SolutionGuid = {F9F8CD4A-F4CF-4796-A4C7-3C4D13336B56}
	EndGlobalSection
EndGlobal
